
Microsoft Visual Studio Solution File, Format Version 12.00
# Visual Studio Version 16
VisualStudioVersion = 16.0.30804.86
MinimumVisualStudioVersion = 10.0.40219.1
Project("{FAE04EC0-301F-11D3-BF4B-00C04F79EFBC}") = "Task Manager", "geekBrains_1.6\Task Manager.csproj", "{532E1711-3E91-4EA7-8A7B-192A371AA0EC}"
EndProject
Global
	GlobalSection(SolutionConfigurationPlatforms) = preSolution
		Debug|Any CPU = Debug|Any CPU
		Release|Any CPU = Release|Any CPU
	EndGlobalSection
	GlobalSection(ProjectConfigurationPlatforms) = postSolution
		{532E1711-3E91-4EA7-8A7B-192A371AA0EC}.Debug|Any CPU.ActiveCfg = Debug|Any CPU
		{532E1711-3E91-4EA7-8A7B-192A371AA0EC}.Debug|Any CPU.Build.0 = Debug|Any CPU
		{532E1711-3E91-4EA7-8A7B-192A371AA0EC}.Release|Any CPU.ActiveCfg = Release|Any CPU
		{532E1711-3E91-4EA7-8A7B-192A371AA0EC}.Release|Any CPU.Build.0 = Release|Any CPU
	EndGlobalSection
	GlobalSection(SolutionProperties) = preSolution
		HideSolutionNode = FALSE
	EndGlobalSection
	GlobalSection(ExtensibilityGlobals) = postSolution
		SolutionGuid = {180238DA-7540-4A94-82F8-CB021566647F}
	EndGlobalSection
EndGlobal
